
Microsoft Visual Studio Solution File, Format Version 12.00
# Visual Studio Version 17
VisualStudioVersion = 17.14.36109.1 d17.14
MinimumVisualStudioVersion = 10.0.40219.1
Project("{FAE04EC0-301F-11D3-BF4B-00C04F79EFBC}") = "phonetics", "phonetics.csproj", "{0721DA4B-2CAF-44FC-8796-B54728B531E3}"
EndProject
Global
	GlobalSection(SolutionConfigurationPlatforms) = preSolution
		Debug|Any CPU = Debug|Any CPU
		Release|Any CPU = Release|Any CPU
	EndGlobalSection
	GlobalSection(ProjectConfigurationPlatforms) = postSolution
		{0721DA4B-2CAF-44FC-8796-B54728B531E3}.Debug|Any CPU.ActiveCfg = Debug|Any CPU
		{0721DA4B-2CAF-44FC-8796-B54728B531E3}.Debug|Any CPU.Build.0 = Debug|Any CPU
		{0721DA4B-2CAF-44FC-8796-B54728B531E3}.Release|Any CPU.ActiveCfg = Release|Any CPU
		{0721DA4B-2CAF-44FC-8796-B54728B531E3}.Release|Any CPU.Build.0 = Release|Any CPU
	EndGlobalSection
	GlobalSection(SolutionProperties) = preSolution
		HideSolutionNode = FALSE
	EndGlobalSection
	GlobalSection(ExtensibilityGlobals) = postSolution
		SolutionGuid = {00D59A4B-0E9E-4AEE-B283-1943B277CF8C}
	EndGlobalSection
EndGlobal
